// !$*UTF8*$!
{
	archiveVersion = 1;
	classes = {
	};
	objectVersion = 77;
	objects = {

/* Begin PBXBuildFile section */
		228F6B26A3BA429FF7AC93C7 /* AIChatViewModel.swift in Sources */ = {isa = PBXBuildFile; fileRef = FBF19986371D08D1BE93F386 /* AIChatViewModel.swift */; };
		26AC052CD6A483259EBD6AB3 /* Supabase in Frameworks */ = {isa = PBXBuildFile; productRef = 77F23E10274E40D5FFA00F54 /* Supabase */; };
		2D1C3BD6322C308238B327E2 /* DocumentDetailView.swift in Sources */ = {isa = PBXBuildFile; fileRef = F9D492ECDBEA2541610BB68F /* DocumentDetailView.swift */; };
		3EF47B9C502F824E52857F88 /* AIService.swift in Sources */ = {isa = PBXBuildFile; fileRef = 864585D785DAC1017BFC1A19 /* AIService.swift */; };
		44F3D89CC4893CAE30996D91 /* LoginView.swift in Sources */ = {isa = PBXBuildFile; fileRef = 0E0622E69EB976D3AB6DF4DB /* LoginView.swift */; };
		4D2FF2DD4538ECC0D868219C /* DocumentListView.swift in Sources */ = {isa = PBXBuildFile; fileRef = D3DECCE74C67E903DED4F324 /* DocumentListView.swift */; };
		54194062DA679D8E1413667C /* StorageService.swift in Sources */ = {isa = PBXBuildFile; fileRef = 0002074733D51BA03EC9F9F9 /* StorageService.swift */; };
		57F088569B07EBB2A375F774 /* Document.swift in Sources */ = {isa = PBXBuildFile; fileRef = 3C59C61BD1A51F373A6BBDDB /* Document.swift */; };
		5E267A70E21893A4F10AC795 /* SupabaseClient.swift in Sources */ = {isa = PBXBuildFile; fileRef = AA4D9D9AA93AC026843FE586 /* SupabaseClient.swift */; };
		60B4E13AF0CCE4A6DD5979F2 /* Constants.swift in Sources */ = {isa = PBXBuildFile; fileRef = 77ABED4EF64F98CF9FDFAEA9 /* Constants.swift */; };
		6CCA734F761DE35795A91E61 /* AuthService.swift in Sources */ = {isa = PBXBuildFile; fileRef = 9FFA56912682EBF8DE545197 /* AuthService.swift */; };
		72609756ED0D7F6AAEF66DD6 /* DocumentService.swift in Sources */ = {isa = PBXBuildFile; fileRef = 10BC38758C1427DB019822FA /* DocumentService.swift */; };
		768340C92579179797263715 /* AuthViewModel.swift in Sources */ = {isa = PBXBuildFile; fileRef = EBEDF64E9430B9D1421022F5 /* AuthViewModel.swift */; };
		79281C788C4AE4B8F40CA9F4 /* DocumentViewModel.swift in Sources */ = {isa = PBXBuildFile; fileRef = 7130565EE46816103C148302 /* DocumentViewModel.swift */; };
		7A1F90A763FD7C8238BBD9F4 /* RegisterView.swift in Sources */ = {isa = PBXBuildFile; fileRef = FD65A18F2FEA7B2316A21487 /* RegisterView.swift */; };
		92EFCFDEB7A34A8F094A898A /* AIChatView.swift in Sources */ = {isa = PBXBuildFile; fileRef = E514D0E093DC90C18FA47529 /* AIChatView.swift */; };
		9F17A5B8604D3D4AED7E3CE6 /* MedfoldApp.swift in Sources */ = {isa = PBXBuildFile; fileRef = 4F11307CFC522A2EE63C8944 /* MedfoldApp.swift */; };
		B2EA67EB80AAB9198BF943DF /* AIMessageView.swift in Sources */ = {isa = PBXBuildFile; fileRef = D3D2FAAF8FA0CFFEE49F263C /* AIMessageView.swift */; };
		B727A2908B0F35FB5D2BF753 /* ContentView.swift in Sources */ = {isa = PBXBuildFile; fileRef = 14438A494BE868C79F4867A3 /* ContentView.swift */; };
		C9ED0CB1D1896720C0803C02 /* Profile.swift in Sources */ = {isa = PBXBuildFile; fileRef = C17C980132781624CE110A85 /* Profile.swift */; };
		E105598E7CEF88456C194AE2 /* ProfileView.swift in Sources */ = {isa = PBXBuildFile; fileRef = 314736B4F6C8FA5A6641878B /* ProfileView.swift */; };
		F342DC7472D8679B775ED1EA /* DocumentUploadView.swift in Sources */ = {isa = PBXBuildFile; fileRef = 127C3A6C5837CEF64C0BED4A /* DocumentUploadView.swift */; };
		F3619AECF32B752C9FEABEBD /* AIConversation.swift in Sources */ = {isa = PBXBuildFile; fileRef = EEBEE04C9ABAABE648D1096E /* AIConversation.swift */; };
/* End PBXBuildFile section */

/* Begin PBXFileReference section */
		0002074733D51BA03EC9F9F9 /* StorageService.swift */ = {isa = PBXFileReference; lastKnownFileType = sourcecode.swift; path = StorageService.swift; sourceTree = "<group>"; };
		0E0622E69EB976D3AB6DF4DB /* LoginView.swift */ = {isa = PBXFileReference; lastKnownFileType = sourcecode.swift; path = LoginView.swift; sourceTree = "<group>"; };
		10BC38758C1427DB019822FA /* DocumentService.swift */ = {isa = PBXFileReference; lastKnownFileType = sourcecode.swift; path = DocumentService.swift; sourceTree = "<group>"; };
		127C3A6C5837CEF64C0BED4A /* DocumentUploadView.swift */ = {isa = PBXFileReference; lastKnownFileType = sourcecode.swift; path = DocumentUploadView.swift; sourceTree = "<group>"; };
		14438A494BE868C79F4867A3 /* ContentView.swift */ = {isa = PBXFileReference; lastKnownFileType = sourcecode.swift; path = ContentView.swift; sourceTree = "<group>"; };
		314736B4F6C8FA5A6641878B /* ProfileView.swift */ = {isa = PBXFileReference; lastKnownFileType = sourcecode.swift; path = ProfileView.swift; sourceTree = "<group>"; };
		3C59C61BD1A51F373A6BBDDB /* Document.swift */ = {isa = PBXFileReference; lastKnownFileType = sourcecode.swift; path = Document.swift; sourceTree = "<group>"; };
		4F11307CFC522A2EE63C8944 /* MedfoldApp.swift */ = {isa = PBXFileReference; lastKnownFileType = sourcecode.swift; path = MedfoldApp.swift; sourceTree = "<group>"; };
		698ADDAE0E82C9CC37FA39D5 /* Medfold.app */ = {isa = PBXFileReference; includeInIndex = 0; lastKnownFileType = wrapper.application; path = Medfold.app; sourceTree = BUILT_PRODUCTS_DIR; };
		7130565EE46816103C148302 /* DocumentViewModel.swift */ = {isa = PBXFileReference; lastKnownFileType = sourcecode.swift; path = DocumentViewModel.swift; sourceTree = "<group>"; };
		77ABED4EF64F98CF9FDFAEA9 /* Constants.swift */ = {isa = PBXFileReference; lastKnownFileType = sourcecode.swift; path = Constants.swift; sourceTree = "<group>"; };
		7AA136273DDACDE3A851A847 /* Medfold.entitlements */ = {isa = PBXFileReference; lastKnownFileType = text.plist.entitlements; path = Medfold.entitlements; sourceTree = "<group>"; };
		864585D785DAC1017BFC1A19 /* AIService.swift */ = {isa = PBXFileReference; lastKnownFileType = sourcecode.swift; path = AIService.swift; sourceTree = "<group>"; };
		9FFA56912682EBF8DE545197 /* AuthService.swift */ = {isa = PBXFileReference; lastKnownFileType = sourcecode.swift; path = AuthService.swift; sourceTree = "<group>"; };
		AA4D9D9AA93AC026843FE586 /* SupabaseClient.swift */ = {isa = PBXFileReference; lastKnownFileType = sourcecode.swift; path = SupabaseClient.swift; sourceTree = "<group>"; };
		C17C980132781624CE110A85 /* Profile.swift */ = {isa = PBXFileReference; lastKnownFileType = sourcecode.swift; path = Profile.swift; sourceTree = "<group>"; };
		D3D2FAAF8FA0CFFEE49F263C /* AIMessageView.swift */ = {isa = PBXFileReference; lastKnownFileType = sourcecode.swift; path = AIMessageView.swift; sourceTree = "<group>"; };
		D3DECCE74C67E903DED4F324 /* DocumentListView.swift */ = {isa = PBXFileReference; lastKnownFileType = sourcecode.swift; path = DocumentListView.swift; sourceTree = "<group>"; };
		E514D0E093DC90C18FA47529 /* AIChatView.swift */ = {isa = PBXFileReference; lastKnownFileType = sourcecode.swift; path = AIChatView.swift; sourceTree = "<group>"; };
		EBEDF64E9430B9D1421022F5 /* AuthViewModel.swift */ = {isa = PBXFileReference; lastKnownFileType = sourcecode.swift; path = AuthViewModel.swift; sourceTree = "<group>"; };
		EEBEE04C9ABAABE648D1096E /* AIConversation.swift */ = {isa = PBXFileReference; lastKnownFileType = sourcecode.swift; path = AIConversation.swift; sourceTree = "<group>"; };
		F9D492ECDBEA2541610BB68F /* DocumentDetailView.swift */ = {isa = PBXFileReference; lastKnownFileType = sourcecode.swift; path = DocumentDetailView.swift; sourceTree = "<group>"; };
		FBF19986371D08D1BE93F386 /* AIChatViewModel.swift */ = {isa = PBXFileReference; lastKnownFileType = sourcecode.swift; path = AIChatViewModel.swift; sourceTree = "<group>"; };
		FD65A18F2FEA7B2316A21487 /* RegisterView.swift */ = {isa = PBXFileReference; lastKnownFileType = sourcecode.swift; path = RegisterView.swift; sourceTree = "<group>"; };
/* End PBXFileReference section */

/* Begin PBXFrameworksBuildPhase section */
		B0EC374FE6D30058D0EDCBE4 /* Frameworks */ = {
			isa = PBXFrameworksBuildPhase;
			buildActionMask = 2147483647;
			files = (
				26AC052CD6A483259EBD6AB3 /* Supabase in Frameworks */,
			);
			runOnlyForDeploymentPostprocessing = 0;
		};
/* End PBXFrameworksBuildPhase section */

/* Begin PBXGroup section */
		06843DF2024C40DEDAC5333C /* Medfold */ = {
			isa = PBXGroup;
			children = (
				09C53FA26535EA9C4707C473 /* App */,
				309521377B058EA6076A1EA2 /* Models */,
				588487A5DDC7997C6905D9A8 /* Resources */,
				1B85318997120F5B8445420C /* Services */,
				0A9A1868D3D6DA6C2B2195B8 /* Utilities */,
				26FAD8AE47F1ADF797945DB8 /* ViewModels */,
				EACA6EDA3570819E59FFB684 /* Views */,
			);
			path = Medfold;
			sourceTree = "<group>";
		};
		09C53FA26535EA9C4707C473 /* App */ = {
			isa = PBXGroup;
			children = (
				14438A494BE868C79F4867A3 /* ContentView.swift */,
				4F11307CFC522A2EE63C8944 /* MedfoldApp.swift */,
			);
			path = App;
			sourceTree = "<group>";
		};
		0A9A1868D3D6DA6C2B2195B8 /* Utilities */ = {
			isa = PBXGroup;
			children = (
				77ABED4EF64F98CF9FDFAEA9 /* Constants.swift */,
				AA4D9D9AA93AC026843FE586 /* SupabaseClient.swift */,
			);
			path = Utilities;
			sourceTree = "<group>";
		};
		1B85318997120F5B8445420C /* Services */ = {
			isa = PBXGroup;
			children = (
				864585D785DAC1017BFC1A19 /* AIService.swift */,
				9FFA56912682EBF8DE545197 /* AuthService.swift */,
				10BC38758C1427DB019822FA /* DocumentService.swift */,
				0002074733D51BA03EC9F9F9 /* StorageService.swift */,
			);
			path = Services;
			sourceTree = "<group>";
		};
		1CE849DB805DA3ECF704A0F0 /* Profile */ = {
			isa = PBXGroup;
			children = (
				314736B4F6C8FA5A6641878B /* ProfileView.swift */,
			);
			path = Profile;
			sourceTree = "<group>";
		};
		26FAD8AE47F1ADF797945DB8 /* ViewModels */ = {
			isa = PBXGroup;
			children = (
				FBF19986371D08D1BE93F386 /* AIChatViewModel.swift */,
				EBEDF64E9430B9D1421022F5 /* AuthViewModel.swift */,
				7130565EE46816103C148302 /* DocumentViewModel.swift */,
			);
			path = ViewModels;
			sourceTree = "<group>";
		};
		29E82FBC2557735F0A80A45D /* AI */ = {
			isa = PBXGroup;
			children = (
				E514D0E093DC90C18FA47529 /* AIChatView.swift */,
				D3D2FAAF8FA0CFFEE49F263C /* AIMessageView.swift */,
			);
			path = AI;
			sourceTree = "<group>";
		};
		309521377B058EA6076A1EA2 /* Models */ = {
			isa = PBXGroup;
			children = (
				EEBEE04C9ABAABE648D1096E /* AIConversation.swift */,
				3C59C61BD1A51F373A6BBDDB /* Document.swift */,
				C17C980132781624CE110A85 /* Profile.swift */,
			);
			path = Models;
			sourceTree = "<group>";
		};
		426ED4E8B6694CF044D62FBF /* Documents */ = {
			isa = PBXGroup;
			children = (
				F9D492ECDBEA2541610BB68F /* DocumentDetailView.swift */,
				D3DECCE74C67E903DED4F324 /* DocumentListView.swift */,
				127C3A6C5837CEF64C0BED4A /* DocumentUploadView.swift */,
			);
			path = Documents;
			sourceTree = "<group>";
		};
		5109F2D4E1ED5D2B96ADDAA0 /* Auth */ = {
			isa = PBXGroup;
			children = (
				0E0622E69EB976D3AB6DF4DB /* LoginView.swift */,
				FD65A18F2FEA7B2316A21487 /* RegisterView.swift */,
			);
			path = Auth;
			sourceTree = "<group>";
		};
		588487A5DDC7997C6905D9A8 /* Resources */ = {
			isa = PBXGroup;
			children = (
				7AA136273DDACDE3A851A847 /* Medfold.entitlements */,
			);
			path = Resources;
			sourceTree = "<group>";
		};
		D168B013406A75595FC572F3 /* Products */ = {
			isa = PBXGroup;
			children = (
				698ADDAE0E82C9CC37FA39D5 /* Medfold.app */,
			);
			name = Products;
			sourceTree = "<group>";
		};
		E69453072F43DFC26ECF127E = {
			isa = PBXGroup;
			children = (
				06843DF2024C40DEDAC5333C /* Medfold */,
				D168B013406A75595FC572F3 /* Products */,
			);
			sourceTree = "<group>";
		};
		EACA6EDA3570819E59FFB684 /* Views */ = {
			isa = PBXGroup;
			children = (
				29E82FBC2557735F0A80A45D /* AI */,
				5109F2D4E1ED5D2B96ADDAA0 /* Auth */,
				426ED4E8B6694CF044D62FBF /* Documents */,
				1CE849DB805DA3ECF704A0F0 /* Profile */,
			);
			path = Views;
			sourceTree = "<group>";
		};
/* End PBXGroup section */

/* Begin PBXNativeTarget section */
		5B8C57889419FD5E99540FDA /* Medfold */ = {
			isa = PBXNativeTarget;
			buildConfigurationList = 9AC66185280E3476ED9E11C9 /* Build configuration list for PBXNativeTarget "Medfold" */;
			buildPhases = (
				486E0980B8C9457D2CF0B03D /* Sources */,
				B0EC374FE6D30058D0EDCBE4 /* Frameworks */,
			);
			buildRules = (
			);
			dependencies = (
			);
			name = Medfold;
			packageProductDependencies = (
				77F23E10274E40D5FFA00F54 /* Supabase */,
			);
			productName = Medfold;
			productReference = 698ADDAE0E82C9CC37FA39D5 /* Medfold.app */;
			productType = "com.apple.product-type.application";
		};
/* End PBXNativeTarget section */

/* Begin PBXProject section */
		518D4945EC64662F98C0DF58 /* Project object */ = {
			isa = PBXProject;
			attributes = {
				BuildIndependentTargetsInParallel = YES;
				LastUpgradeCheck = 1600;
				TargetAttributes = {
				};
			};
			buildConfigurationList = 56F8427626DCCF385A45848C /* Build configuration list for PBXProject "Medfold" */;
			developmentRegion = en;
			hasScannedForEncodings = 0;
			knownRegions = (
				Base,
				en,
			);
			mainGroup = E69453072F43DFC26ECF127E;
			minimizedProjectReferenceProxies = 1;
			packageReferences = (
				1B6336083D286EC0F81250FB /* XCRemoteSwiftPackageReference "supabase-swift" */,
			);
			preferredProjectObjectVersion = 77;
			productRefGroup = D168B013406A75595FC572F3 /* Products */;
			projectDirPath = "";
			projectRoot = "";
			targets = (
				5B8C57889419FD5E99540FDA /* Medfold */,
			);
		};
/* End PBXProject section */

/* Begin PBXSourcesBuildPhase section */
		486E0980B8C9457D2CF0B03D /* Sources */ = {
			isa = PBXSourcesBuildPhase;
			buildActionMask = 2147483647;
			files = (
				92EFCFDEB7A34A8F094A898A /* AIChatView.swift in Sources */,
				228F6B26A3BA429FF7AC93C7 /* AIChatViewModel.swift in Sources */,
				F3619AECF32B752C9FEABEBD /* AIConversation.swift in Sources */,
				B2EA67EB80AAB9198BF943DF /* AIMessageView.swift in Sources */,
				3EF47B9C502F824E52857F88 /* AIService.swift in Sources */,
				6CCA734F761DE35795A91E61 /* AuthService.swift in Sources */,
				768340C92579179797263715 /* AuthViewModel.swift in Sources */,
				60B4E13AF0CCE4A6DD5979F2 /* Constants.swift in Sources */,
				B727A2908B0F35FB5D2BF753 /* ContentView.swift in Sources */,
				57F088569B07EBB2A375F774 /* Document.swift in Sources */,
				2D1C3BD6322C308238B327E2 /* DocumentDetailView.swift in Sources */,
				4D2FF2DD4538ECC0D868219C /* DocumentListView.swift in Sources */,
				72609756ED0D7F6AAEF66DD6 /* DocumentService.swift in Sources */,
				F342DC7472D8679B775ED1EA /* DocumentUploadView.swift in Sources */,
				79281C788C4AE4B8F40CA9F4 /* DocumentViewModel.swift in Sources */,
				44F3D89CC4893CAE30996D91 /* LoginView.swift in Sources */,
				9F17A5B8604D3D4AED7E3CE6 /* MedfoldApp.swift in Sources */,
				C9ED0CB1D1896720C0803C02 /* Profile.swift in Sources */,
				E105598E7CEF88456C194AE2 /* ProfileView.swift in Sources */,
				7A1F90A763FD7C8238BBD9F4 /* RegisterView.swift in Sources */,
				54194062DA679D8E1413667C /* StorageService.swift in Sources */,
				5E267A70E21893A4F10AC795 /* SupabaseClient.swift in Sources */,
			);
			runOnlyForDeploymentPostprocessing = 0;
		};
/* End PBXSourcesBuildPhase section */

/* Begin XCBuildConfiguration section */
		14F205D758D2DEB4F05DFBCD /* Debug */ = {
			isa = XCBuildConfiguration;
			buildSettings = {
				ASSETCATALOG_COMPILER_APPICON_NAME = AppIcon;
				CODE_SIGN_ENTITLEMENTS = Medfold/Resources/Medfold.entitlements;
				CODE_SIGN_IDENTITY = "iPhone Developer";
				GENERATE_INFOPLIST_FILE = YES;
				INFOPLIST_KEY_NSCameraUsageDescription = "Camera access is needed to scan health documents";
				INFOPLIST_KEY_NSFaceIDUsageDescription = "Face ID is used to securely unlock the app";
				INFOPLIST_KEY_NSPhotoLibraryUsageDescription = "Photo library access is needed to upload health documents";
				INFOPLIST_KEY_UIApplicationSceneManifest_Generation = YES;
				INFOPLIST_KEY_UIApplicationSupportsIndirectInputEvents = YES;
				INFOPLIST_KEY_UILaunchScreen_Generation = YES;
				INFOPLIST_KEY_UISupportedInterfaceOrientations_iPhone = UIInterfaceOrientationPortrait;
				LD_RUNPATH_SEARCH_PATHS = (
					"$(inherited)",
					"@executable_path/Frameworks",
				);
				PRODUCT_BUNDLE_IDENTIFIER = ai.medfold.app;
				SDKROOT = iphoneos;
				SWIFT_STRICT_CONCURRENCY = complete;
				TARGETED_DEVICE_FAMILY = "1,2";
			};
			name = Debug;
		};
		AC09644C8518462F81313E4E /* Debug */ = {
			isa = XCBuildConfiguration;
			buildSettings = {
				ALWAYS_SEARCH_USER_PATHS = NO;
				CLANG_ANALYZER_NONNULL = YES;
				CLANG_ANALYZER_NUMBER_OBJECT_CONVERSION = YES_AGGRESSIVE;
				CLANG_CXX_LANGUAGE_STANDARD = "gnu++14";
				CLANG_CXX_LIBRARY = "libc++";
				CLANG_ENABLE_MODULES = YES;
				CLANG_ENABLE_OBJC_ARC = YES;
				CLANG_ENABLE_OBJC_WEAK = YES;
				CLANG_WARN_BLOCK_CAPTURE_AUTORELEASING = YES;
				CLANG_WARN_BOOL_CONVERSION = YES;
				CLANG_WARN_COMMA = YES;
				CLANG_WARN_CONSTANT_CONVERSION = YES;
				CLANG_WARN_DEPRECATED_OBJC_IMPLEMENTATIONS = YES;
				CLANG_WARN_DIRECT_OBJC_ISA_USAGE = YES_ERROR;
				CLANG_WARN_DOCUMENTATION_COMMENTS = YES;
				CLANG_WARN_EMPTY_BODY = YES;
				CLANG_WARN_ENUM_CONVERSION = YES;
				CLANG_WARN_INFINITE_RECURSION = YES;
				CLANG_WARN_INT_CONVERSION = YES;
				CLANG_WARN_NON_LITERAL_NULL_CONVERSION = YES;
				CLANG_WARN_OBJC_IMPLICIT_RETAIN_SELF = YES;
				CLANG_WARN_OBJC_LITERAL_CONVERSION = YES;
				CLANG_WARN_OBJC_ROOT_CLASS = YES_ERROR;
				CLANG_WARN_QUOTED_INCLUDE_IN_FRAMEWORK_HEADER = YES;
				CLANG_WARN_RANGE_LOOP_ANALYSIS = YES;
				CLANG_WARN_STRICT_PROTOTYPES = YES;
				CLANG_WARN_SUSPICIOUS_MOVE = YES;
				CLANG_WARN_UNGUARDED_AVAILABILITY = YES_AGGRESSIVE;
				CLANG_WARN_UNREACHABLE_CODE = YES;
				CLANG_WARN__DUPLICATE_METHOD_MATCH = YES;
				COPY_PHASE_STRIP = NO;
				DEBUG_INFORMATION_FORMAT = dwarf;
				ENABLE_STRICT_OBJC_MSGSEND = YES;
				ENABLE_TESTABILITY = YES;
				GCC_C_LANGUAGE_STANDARD = gnu11;
				GCC_DYNAMIC_NO_PIC = NO;
				GCC_NO_COMMON_BLOCKS = YES;
				GCC_OPTIMIZATION_LEVEL = 0;
				GCC_PREPROCESSOR_DEFINITIONS = (
					"$(inherited)",
					"DEBUG=1",
				);
				GCC_WARN_64_TO_32_BIT_CONVERSION = YES;
				GCC_WARN_ABOUT_RETURN_TYPE = YES_ERROR;
				GCC_WARN_UNDECLARED_SELECTOR = YES;
				GCC_WARN_UNINITIALIZED_AUTOS = YES_AGGRESSIVE;
				GCC_WARN_UNUSED_FUNCTION = YES;
				GCC_WARN_UNUSED_VARIABLE = YES;
				IPHONEOS_DEPLOYMENT_TARGET = 17.0;
				MTL_ENABLE_DEBUG_INFO = INCLUDE_SOURCE;
				MTL_FAST_MATH = YES;
				ONLY_ACTIVE_ARCH = YES;
				PRODUCT_NAME = "$(TARGET_NAME)";
				SDKROOT = iphoneos;
				SWIFT_ACTIVE_COMPILATION_CONDITIONS = DEBUG;
				SWIFT_OPTIMIZATION_LEVEL = "-Onone";
				SWIFT_VERSION = 5.0;
			};
			name = Debug;
		};
		B76ED179343EF485276018C3 /* Release */ = {
			isa = XCBuildConfiguration;
			buildSettings = {
				ALWAYS_SEARCH_USER_PATHS = NO;
				CLANG_ANALYZER_NONNULL = YES;
				CLANG_ANALYZER_NUMBER_OBJECT_CONVERSION = YES_AGGRESSIVE;
				CLANG_CXX_LANGUAGE_STANDARD = "gnu++14";
				CLANG_CXX_LIBRARY = "libc++";
				CLANG_ENABLE_MODULES = YES;
				CLANG_ENABLE_OBJC_ARC = YES;
				CLANG_ENABLE_OBJC_WEAK = YES;
				CLANG_WARN_BLOCK_CAPTURE_AUTORELEASING = YES;
				CLANG_WARN_BOOL_CONVERSION = YES;
				CLANG_WARN_COMMA = YES;
				CLANG_WARN_CONSTANT_CONVERSION = YES;
				CLANG_WARN_DEPRECATED_OBJC_IMPLEMENTATIONS = YES;
				CLANG_WARN_DIRECT_OBJC_ISA_USAGE = YES_ERROR;
				CLANG_WARN_DOCUMENTATION_COMMENTS = YES;
				CLANG_WARN_EMPTY_BODY = YES;
				CLANG_WARN_ENUM_CONVERSION = YES;
				CLANG_WARN_INFINITE_RECURSION = YES;
				CLANG_WARN_INT_CONVERSION = YES;
				CLANG_WARN_NON_LITERAL_NULL_CONVERSION = YES;
				CLANG_WARN_OBJC_IMPLICIT_RETAIN_SELF = YES;
				CLANG_WARN_OBJC_LITERAL_CONVERSION = YES;
				CLANG_WARN_OBJC_ROOT_CLASS = YES_ERROR;
				CLANG_WARN_QUOTED_INCLUDE_IN_FRAMEWORK_HEADER = YES;
				CLANG_WARN_RANGE_LOOP_ANALYSIS = YES;
				CLANG_WARN_STRICT_PROTOTYPES = YES;
				CLANG_WARN_SUSPICIOUS_MOVE = YES;
				CLANG_WARN_UNGUARDED_AVAILABILITY = YES_AGGRESSIVE;
				CLANG_WARN_UNREACHABLE_CODE = YES;
				CLANG_WARN__DUPLICATE_METHOD_MATCH = YES;
				COPY_PHASE_STRIP = NO;
				DEBUG_INFORMATION_FORMAT = "dwarf-with-dsym";
				ENABLE_NS_ASSERTIONS = NO;
				ENABLE_STRICT_OBJC_MSGSEND = YES;
				GCC_C_LANGUAGE_STANDARD = gnu11;
				GCC_NO_COMMON_BLOCKS = YES;
				GCC_WARN_64_TO_32_BIT_CONVERSION = YES;
				GCC_WARN_ABOUT_RETURN_TYPE = YES_ERROR;
				GCC_WARN_UNDECLARED_SELECTOR = YES;
				GCC_WARN_UNINITIALIZED_AUTOS = YES_AGGRESSIVE;
				GCC_WARN_UNUSED_FUNCTION = YES;
				GCC_WARN_UNUSED_VARIABLE = YES;
				IPHONEOS_DEPLOYMENT_TARGET = 17.0;
				MTL_ENABLE_DEBUG_INFO = NO;
				MTL_FAST_MATH = YES;
				PRODUCT_NAME = "$(TARGET_NAME)";
				SDKROOT = iphoneos;
				SWIFT_COMPILATION_MODE = wholemodule;
				SWIFT_OPTIMIZATION_LEVEL = "-O";
				SWIFT_VERSION = 5.0;
			};
			name = Release;
		};
		CB0A23DADC083589075C032C /* Release */ = {
			isa = XCBuildConfiguration;
			buildSettings = {
				ASSETCATALOG_COMPILER_APPICON_NAME = AppIcon;
				CODE_SIGN_ENTITLEMENTS = Medfold/Resources/Medfold.entitlements;
				CODE_SIGN_IDENTITY = "iPhone Developer";
				GENERATE_INFOPLIST_FILE = YES;
				INFOPLIST_KEY_NSCameraUsageDescription = "Camera access is needed to scan health documents";
				INFOPLIST_KEY_NSFaceIDUsageDescription = "Face ID is used to securely unlock the app";
				INFOPLIST_KEY_NSPhotoLibraryUsageDescription = "Photo library access is needed to upload health documents";
				INFOPLIST_KEY_UIApplicationSceneManifest_Generation = YES;
				INFOPLIST_KEY_UIApplicationSupportsIndirectInputEvents = YES;
				INFOPLIST_KEY_UILaunchScreen_Generation = YES;
				INFOPLIST_KEY_UISupportedInterfaceOrientations_iPhone = UIInterfaceOrientationPortrait;
				LD_RUNPATH_SEARCH_PATHS = (
					"$(inherited)",
					"@executable_path/Frameworks",
				);
				PRODUCT_BUNDLE_IDENTIFIER = ai.medfold.app;
				SDKROOT = iphoneos;
				SWIFT_STRICT_CONCURRENCY = complete;
				TARGETED_DEVICE_FAMILY = "1,2";
			};
			name = Release;
		};
/* End XCBuildConfiguration section */

/* Begin XCConfigurationList section */
		56F8427626DCCF385A45848C /* Build configuration list for PBXProject "Medfold" */ = {
			isa = XCConfigurationList;
			buildConfigurations = (
				AC09644C8518462F81313E4E /* Debug */,
				B76ED179343EF485276018C3 /* Release */,
			);
			defaultConfigurationIsVisible = 0;
			defaultConfigurationName = Debug;
		};
		9AC66185280E3476ED9E11C9 /* Build configuration list for PBXNativeTarget "Medfold" */ = {
			isa = XCConfigurationList;
			buildConfigurations = (
				14F205D758D2DEB4F05DFBCD /* Debug */,
				CB0A23DADC083589075C032C /* Release */,
			);
			defaultConfigurationIsVisible = 0;
			defaultConfigurationName = Debug;
		};
/* End XCConfigurationList section */

/* Begin XCRemoteSwiftPackageReference section */
		1B6336083D286EC0F81250FB /* XCRemoteSwiftPackageReference "supabase-swift" */ = {
			isa = XCRemoteSwiftPackageReference;
			repositoryURL = "https://github.com/supabase/supabase-swift";
			requirement = {
				kind = upToNextMajorVersion;
				minimumVersion = 2.0.0;
			};
		};
/* End XCRemoteSwiftPackageReference section */

/* Begin XCSwiftPackageProductDependency section */
		77F23E10274E40D5FFA00F54 /* Supabase */ = {
			isa = XCSwiftPackageProductDependency;
			package = 1B6336083D286EC0F81250FB /* XCRemoteSwiftPackageReference "supabase-swift" */;
			productName = Supabase;
		};
/* End XCSwiftPackageProductDependency section */
	};
	rootObject = 518D4945EC64662F98C0DF58 /* Project object */;
}
